
Microsoft Visual Studio Solution File, Format Version 12.00
# Visual Studio Version 17
VisualStudioVersion = 17.9.34701.34
MinimumVisualStudioVersion = 10.0.40219.1
Project("{FAE04EC0-301F-11D3-BF4B-00C04F79EFBC}") = "ArrayExample", "ArrayExample\ArrayExample.csproj", "{04E0FAE3-F3CA-4A30-9A5D-70DBA31ED3A0}"
EndProject
Global
	GlobalSection(SolutionConfigurationPlatforms) = preSolution
		Debug|Any CPU = Debug|Any CPU
		Release|Any CPU = Release|Any CPU
	EndGlobalSection
	GlobalSection(ProjectConfigurationPlatforms) = postSolution
		{04E0FAE3-F3CA-4A30-9A5D-70DBA31ED3A0}.Debug|Any CPU.ActiveCfg = Debug|Any CPU
		{04E0FAE3-F3CA-4A30-9A5D-70DBA31ED3A0}.Debug|Any CPU.Build.0 = Debug|Any CPU
		{04E0FAE3-F3CA-4A30-9A5D-70DBA31ED3A0}.Release|Any CPU.ActiveCfg = Release|Any CPU
		{04E0FAE3-F3CA-4A30-9A5D-70DBA31ED3A0}.Release|Any CPU.Build.0 = Release|Any CPU
	EndGlobalSection
	GlobalSection(SolutionProperties) = preSolution
		HideSolutionNode = FALSE
	EndGlobalSection
	GlobalSection(ExtensibilityGlobals) = postSolution
		SolutionGuid = {61098CDA-6C7A-44B2-97CC-B563CB753FE0}
	EndGlobalSection
EndGlobal
