
Microsoft Visual Studio Solution File, Format Version 12.00
# Visual Studio Version 17
VisualStudioVersion = 17.9.34701.34
MinimumVisualStudioVersion = 10.0.40219.1
Project("{FAE04EC0-301F-11D3-BF4B-00C04F79EFBC}") = "SwitchCase", "SwitchCase\SwitchCase.csproj", "{9A4F8258-05A2-49BF-8821-35528A1CCE44}"
EndProject
Global
	GlobalSection(SolutionConfigurationPlatforms) = preSolution
		Debug|Any CPU = Debug|Any CPU
		Release|Any CPU = Release|Any CPU
	EndGlobalSection
	GlobalSection(ProjectConfigurationPlatforms) = postSolution
		{9A4F8258-05A2-49BF-8821-35528A1CCE44}.Debug|Any CPU.ActiveCfg = Debug|Any CPU
		{9A4F8258-05A2-49BF-8821-35528A1CCE44}.Debug|Any CPU.Build.0 = Debug|Any CPU
		{9A4F8258-05A2-49BF-8821-35528A1CCE44}.Release|Any CPU.ActiveCfg = Release|Any CPU
		{9A4F8258-05A2-49BF-8821-35528A1CCE44}.Release|Any CPU.Build.0 = Release|Any CPU
	EndGlobalSection
	GlobalSection(SolutionProperties) = preSolution
		HideSolutionNode = FALSE
	EndGlobalSection
	GlobalSection(ExtensibilityGlobals) = postSolution
		SolutionGuid = {6C37BE19-7541-408A-933C-168BAE037568}
	EndGlobalSection
EndGlobal
