
Microsoft Visual Studio Solution File, Format Version 12.00
# Visual Studio Version 17
VisualStudioVersion = 17.9.34701.34
MinimumVisualStudioVersion = 10.0.40219.1
Project("{FAE04EC0-301F-11D3-BF4B-00C04F79EFBC}") = "Output", "Output\Output.csproj", "{076C7043-047D-4588-9083-537F0B90213D}"
EndProject
Global
	GlobalSection(SolutionConfigurationPlatforms) = preSolution
		Debug|Any CPU = Debug|Any CPU
		Release|Any CPU = Release|Any CPU
	EndGlobalSection
	GlobalSection(ProjectConfigurationPlatforms) = postSolution
		{076C7043-047D-4588-9083-537F0B90213D}.Debug|Any CPU.ActiveCfg = Debug|Any CPU
		{076C7043-047D-4588-9083-537F0B90213D}.Debug|Any CPU.Build.0 = Debug|Any CPU
		{076C7043-047D-4588-9083-537F0B90213D}.Release|Any CPU.ActiveCfg = Release|Any CPU
		{076C7043-047D-4588-9083-537F0B90213D}.Release|Any CPU.Build.0 = Release|Any CPU
	EndGlobalSection
	GlobalSection(SolutionProperties) = preSolution
		HideSolutionNode = FALSE
	EndGlobalSection
	GlobalSection(ExtensibilityGlobals) = postSolution
		SolutionGuid = {3E6DDB79-D12F-42F9-A164-3499CCEE6E78}
	EndGlobalSection
EndGlobal
